
Microsoft Visual Studio Solution File, Format Version 12.00
# Visual Studio Version 16
VisualStudioVersion = 16.0.31624.102
MinimumVisualStudioVersion = 10.0.40219.1
Project("{FAE04EC0-301F-11D3-BF4B-00C04F79EFBC}") = "WebAdvert.Web", "WebAdvert.Web.csproj", "{52536DB8-4828-4457-8413-D1670C7BE81A}"
EndProject
Global
	GlobalSection(SolutionConfigurationPlatforms) = preSolution
		Debug|Any CPU = Debug|Any CPU
		Release|Any CPU = Release|Any CPU
	EndGlobalSection
	GlobalSection(ProjectConfigurationPlatforms) = postSolution
		{52536DB8-4828-4457-8413-D1670C7BE81A}.Debug|Any CPU.ActiveCfg = Debug|Any CPU
		{52536DB8-4828-4457-8413-D1670C7BE81A}.Debug|Any CPU.Build.0 = Debug|Any CPU
		{52536DB8-4828-4457-8413-D1670C7BE81A}.Release|Any CPU.ActiveCfg = Release|Any CPU
		{52536DB8-4828-4457-8413-D1670C7BE81A}.Release|Any CPU.Build.0 = Release|Any CPU
	EndGlobalSection
	GlobalSection(SolutionProperties) = preSolution
		HideSolutionNode = FALSE
	EndGlobalSection
	GlobalSection(ExtensibilityGlobals) = postSolution
		SolutionGuid = {09B6E15E-8F46-459E-957A-95561693BCE7}
	EndGlobalSection
EndGlobal
